github.com/antosmichael07/Go-Logger v1.7.0 h1:PS7alsa/mMifxrhZhx4+dqZgswfOGeOmqZv74YBCnk0=
github.com/antosmichael07/Go-Logger v1.7.0/go.mod h1:v+v085J0A+Cdi76SanfvKA10216jy45azC6VM+sh16Q=
github.com/antosmichael07/Go-Logger v1.8.0 h1:YN7s127C8DdX4Ann0vzuUEZcB828oPHMuv733SLiDfw=
github.com/antosmichael07/Go-Logger v1.8.0/go.mod h1:v+v085J0A+Cdi76SanfvKA10216jy45azC6VM+sh16Q=
github.com/antosmichael07/Go-Logger v1.9.0 h1:BGz2LYzjg1URTbrJBQtQSmWvqBjBeu22H2hgWjFT71o=
github.com/antosmichael07/Go-Logger v1.9.0/go.mod h1:v+v085J0A+Cdi76SanfvKA10216jy45azC6VM+sh16Q=
github.com/antosmichael07/Go-Logger v1.11.0 h1:j2cxmlX+Z+oR50VfMhfSlGxiKlbAIYQ+xfjy2GcL2n0=
github.com/antosmichael07/Go-Logger v1.11.0/go.mod h1:v+v085J0A+Cdi76SanfvKA10216jy45azC6VM+sh16Q=
